{
  "version": "3",
  "packages": {
    "specifiers": {
      "jsr:@hono/hono@^4.6.1": "jsr:@hono/hono@4.6.1"
    },
    "jsr": {
      "@hono/hono@4.6.1": {
        "integrity": "993704e3a2fa8e965c2fa46c57fc038bd277e781a982d3bf0fb278f6671b195f"
      }
    }
  },
  "redirects": {
    "https://deno.land/std/encoding/base64url.ts": "https://deno.land/std@0.224.0/encoding/base64url.ts",
    "https://deno.land/std/hash/sha256.ts": "https://deno.land/std@0.224.0/hash/sha256.ts"
  },
  "remote": {
    "https://deno.land/std@0.224.0/encoding/_util.ts": "beacef316c1255da9bc8e95afb1fa56ed69baef919c88dc06ae6cb7a6103d376",
    "https://deno.land/std@0.224.0/encoding/base64.ts": "dd59695391584c8ffc5a296ba82bcdba6dd8a84d41a6a539fbee8e5075286eaf",
    "https://deno.land/std@0.224.0/encoding/base64url.ts": "ef40e0f18315ab539f17cebcc32839779e018d86dea9df39d94d302f342a1713"
  },
  "workspace": {
    "dependencies": [
      "jsr:@hono/hono@^4.6.1"
    ]
  }
}
